
Microsoft Visual Studio Solution File, Format Version 12.00
# Visual Studio Version 16
VisualStudioVersion = 16.0.30204.135
MinimumVisualStudioVersion = 10.0.40219.1
Project("{9A19103F-16F7-4668-BE54-9A1E7A4F7556}") = "MusicEnergyApi", "MusicEnergyApi\MusicEnergyApi.csproj", "{27FC6797-2858-4F62-AC08-A77736794B44}"
EndProject
Global
	GlobalSection(SolutionConfigurationPlatforms) = preSolution
		Debug|Any CPU = Debug|Any CPU
		Release|Any CPU = Release|Any CPU
	EndGlobalSection
	GlobalSection(ProjectConfigurationPlatforms) = postSolution
		{27FC6797-2858-4F62-AC08-A77736794B44}.Debug|Any CPU.ActiveCfg = Debug|Any CPU
		{27FC6797-2858-4F62-AC08-A77736794B44}.Debug|Any CPU.Build.0 = Debug|Any CPU
		{27FC6797-2858-4F62-AC08-A77736794B44}.Release|Any CPU.ActiveCfg = Release|Any CPU
		{27FC6797-2858-4F62-AC08-A77736794B44}.Release|Any CPU.Build.0 = Release|Any CPU
	EndGlobalSection
	GlobalSection(SolutionProperties) = preSolution
		HideSolutionNode = FALSE
	EndGlobalSection
	GlobalSection(ExtensibilityGlobals) = postSolution
		SolutionGuid = {FEB599A3-38E2-4D7E-A865-DB03A99515A6}
	EndGlobalSection
EndGlobal
